// !$*UTF8*$!
{
	archiveVersion = 1;
	classes = {
	};
	objectVersion = 46;
	objects = {

/* Begin PBXBuildFile section */
		3CAFE34418C06C30002BF413 /* Foundation.framework in Frameworks */ = {isa = PBXBuildFile; fileRef = 3CAFE34318C06C30002BF413 /* Foundation.framework */; };
		3CAFE37318C06C7D002BF413 /* libAppCanEngine_IOS.a in Frameworks */ = {isa = PBXBuildFile; fileRef = 3CAFE37218C06C7D002BF413 /* libAppCanEngine_IOS.a */; };
		3CAFE39D18C06D69002BF413 /* libsqlite3.dylib in Frameworks */ = {isa = PBXBuildFile; fileRef = 3CAFE39C18C06D69002BF413 /* libsqlite3.dylib */; };
		3CAFE39F18C06D6E002BF413 /* UIKit.framework in Frameworks */ = {isa = PBXBuildFile; fileRef = 3CAFE39E18C06D6E002BF413 /* UIKit.framework */; };
		3CAFE3A718C06DAD002BF413 /* libz.dylib in Frameworks */ = {isa = PBXBuildFile; fileRef = 3CAFE3A618C06DAD002BF413 /* libz.dylib */; };
		3CAFE3A918C06DD3002BF413 /* MapKit.framework in Frameworks */ = {isa = PBXBuildFile; fileRef = 3CAFE3A818C06DD3002BF413 /* MapKit.framework */; };
		3CAFE3AB18C06DF5002BF413 /* AudioToolbox.framework in Frameworks */ = {isa = PBXBuildFile; fileRef = 3CAFE3AA18C06DF5002BF413 /* AudioToolbox.framework */; };
		3CAFE3AD18C06E25002BF413 /* CoreTelephony.framework in Frameworks */ = {isa = PBXBuildFile; fileRef = 3CAFE3AC18C06E25002BF413 /* CoreTelephony.framework */; };
		3CAFE3AF18C06E3C002BF413 /* MobileCoreServices.framework in Frameworks */ = {isa = PBXBuildFile; fileRef = 3CAFE3AE18C06E3C002BF413 /* MobileCoreServices.framework */; };
		3CAFE3B118C06E4D002BF413 /* QuartzCore.framework in Frameworks */ = {isa = PBXBuildFile; fileRef = 3CAFE3B018C06E4D002BF413 /* QuartzCore.framework */; };
		3CAFE3B318C06E62002BF413 /* SystemConfiguration.framework in Frameworks */ = {isa = PBXBuildFile; fileRef = 3CAFE3B218C06E62002BF413 /* SystemConfiguration.framework */; };
		3CAFE3B518C06E70002BF413 /* CoreGraphics.framework in Frameworks */ = {isa = PBXBuildFile; fileRef = 3CAFE3B418C06E70002BF413 /* CoreGraphics.framework */; };
		3CAFE3BE18C06EA7002BF413 /* EUExCall.m in Sources */ = {isa = PBXBuildFile; fileRef = 3CAFE3BC18C06EA7002BF413 /* EUExCall.m */; settings = {COMPILER_FLAGS = "-fno-objc-arc"; }; };
/* End PBXBuildFile section */

/* Begin PBXCopyFilesBuildPhase section */
		3CAFE33E18C06C30002BF413 /* CopyFiles */ = {
			isa = PBXCopyFilesBuildPhase;
			buildActionMask = 2147483647;
			dstPath = "include/$(PRODUCT_NAME)";
			dstSubfolderSpec = 16;
			files = (
			);
			runOnlyForDeploymentPostprocessing = 0;
		};
/* End PBXCopyFilesBuildPhase section */

/* Begin PBXFileReference section */
		3CAFE34018C06C30002BF413 /* uexCall.dylib */ = {isa = PBXFileReference; explicitFileType = "compiled.mach-o.dylib"; includeInIndex = 0; path = uexCall.dylib; sourceTree = BUILT_PRODUCTS_DIR; };
		3CAFE34318C06C30002BF413 /* Foundation.framework */ = {isa = PBXFileReference; lastKnownFileType = wrapper.framework; name = Foundation.framework; path = System/Library/Frameworks/Foundation.framework; sourceTree = SDKROOT; };
		3CAFE37218C06C7D002BF413 /* libAppCanEngine_IOS.a */ = {isa = PBXFileReference; lastKnownFileType = archive.ar; name = libAppCanEngine_IOS.a; path = ../libAppCanEngine_IOS.a; sourceTree = "<group>"; };
		3CAFE39C18C06D69002BF413 /* libsqlite3.dylib */ = {isa = PBXFileReference; lastKnownFileType = "compiled.mach-o.dylib"; name = libsqlite3.dylib; path = usr/lib/libsqlite3.dylib; sourceTree = SDKROOT; };
		3CAFE39E18C06D6E002BF413 /* UIKit.framework */ = {isa = PBXFileReference; lastKnownFileType = wrapper.framework; name = UIKit.framework; path = System/Library/Frameworks/UIKit.framework; sourceTree = SDKROOT; };
		3CAFE3A618C06DAD002BF413 /* libz.dylib */ = {isa = PBXFileReference; lastKnownFileType = "compiled.mach-o.dylib"; name = libz.dylib; path = usr/lib/libz.dylib; sourceTree = SDKROOT; };
		3CAFE3A818C06DD3002BF413 /* MapKit.framework */ = {isa = PBXFileReference; lastKnownFileType = wrapper.framework; name = MapKit.framework; path = System/Library/Frameworks/MapKit.framework; sourceTree = SDKROOT; };
		3CAFE3AA18C06DF5002BF413 /* AudioToolbox.framework */ = {isa = PBXFileReference; lastKnownFileType = wrapper.framework; name = AudioToolbox.framework; path = System/Library/Frameworks/AudioToolbox.framework; sourceTree = SDKROOT; };
		3CAFE3AC18C06E25002BF413 /* CoreTelephony.framework */ = {isa = PBXFileReference; lastKnownFileType = wrapper.framework; name = CoreTelephony.framework; path = System/Library/Frameworks/CoreTelephony.framework; sourceTree = SDKROOT; };
		3CAFE3AE18C06E3C002BF413 /* MobileCoreServices.framework */ = {isa = PBXFileReference; lastKnownFileType = wrapper.framework; name = MobileCoreServices.framework; path = System/Library/Frameworks/MobileCoreServices.framework; sourceTree = SDKROOT; };
		3CAFE3B018C06E4D002BF413 /* QuartzCore.framework */ = {isa = PBXFileReference; lastKnownFileType = wrapper.framework; name = QuartzCore.framework; path = System/Library/Frameworks/QuartzCore.framework; sourceTree = SDKROOT; };
		3CAFE3B218C06E62002BF413 /* SystemConfiguration.framework */ = {isa = PBXFileReference; lastKnownFileType = wrapper.framework; name = SystemConfiguration.framework; path = System/Library/Frameworks/SystemConfiguration.framework; sourceTree = SDKROOT; };
		3CAFE3B418C06E70002BF413 /* CoreGraphics.framework */ = {isa = PBXFileReference; lastKnownFileType = wrapper.framework; name = CoreGraphics.framework; path = System/Library/Frameworks/CoreGraphics.framework; sourceTree = SDKROOT; };
		3CAFE3B718C06EA7002BF413 /* EUExBase.h */ = {isa = PBXFileReference; fileEncoding = 4; lastKnownFileType = sourcecode.c.h; path = EUExBase.h; sourceTree = "<group>"; };
		3CAFE3B818C06EA7002BF413 /* EUExBaseDefine.h */ = {isa = PBXFileReference; fileEncoding = 4; lastKnownFileType = sourcecode.c.h; path = EUExBaseDefine.h; sourceTree = "<group>"; };
		3CAFE3B918C06EA7002BF413 /* EUtility.h */ = {isa = PBXFileReference; fileEncoding = 4; lastKnownFileType = sourcecode.c.h; path = EUtility.h; sourceTree = "<group>"; };
		3CAFE3BA18C06EA7002BF413 /* EUExCall-Prefix.pch */ = {isa = PBXFileReference; fileEncoding = 4; lastKnownFileType = sourcecode.c.h; name = "EUExCall-Prefix.pch"; path = "EUExCall/EUExCall-Prefix.pch"; sourceTree = SOURCE_ROOT; };
		3CAFE3BB18C06EA7002BF413 /* EUExCall.h */ = {isa = PBXFileReference; fileEncoding = 4; lastKnownFileType = sourcecode.c.h; name = EUExCall.h; path = EUExCall/EUExCall.h; sourceTree = SOURCE_ROOT; };
		3CAFE3BC18C06EA7002BF413 /* EUExCall.m */ = {isa = PBXFileReference; fileEncoding = 4; lastKnownFileType = sourcecode.c.objc; name = EUExCall.m; path = EUExCall/EUExCall.m; sourceTree = SOURCE_ROOT; };
/* End PBXFileReference section */

/* Begin PBXFrameworksBuildPhase section */
		3CAFE33D18C06C30002BF413 /* Frameworks */ = {
			isa = PBXFrameworksBuildPhase;
			buildActionMask = 2147483647;
			files = (
				3CAFE3B518C06E70002BF413 /* CoreGraphics.framework in Frameworks */,
				3CAFE3B318C06E62002BF413 /* SystemConfiguration.framework in Frameworks */,
				3CAFE3B118C06E4D002BF413 /* QuartzCore.framework in Frameworks */,
				3CAFE3AF18C06E3C002BF413 /* MobileCoreServices.framework in Frameworks */,
				3CAFE3AD18C06E25002BF413 /* CoreTelephony.framework in Frameworks */,
				3CAFE3AB18C06DF5002BF413 /* AudioToolbox.framework in Frameworks */,
				3CAFE3A918C06DD3002BF413 /* MapKit.framework in Frameworks */,
				3CAFE3A718C06DAD002BF413 /* libz.dylib in Frameworks */,
				3CAFE39F18C06D6E002BF413 /* UIKit.framework in Frameworks */,
				3CAFE39D18C06D69002BF413 /* libsqlite3.dylib in Frameworks */,
				3CAFE37318C06C7D002BF413 /* libAppCanEngine_IOS.a in Frameworks */,
				3CAFE34418C06C30002BF413 /* Foundation.framework in Frameworks */,
			);
			runOnlyForDeploymentPostprocessing = 0;
		};
/* End PBXFrameworksBuildPhase section */

/* Begin PBXGroup section */
		3CAFE33718C06C30002BF413 = {
			isa = PBXGroup;
			children = (
				3CAFE34518C06C30002BF413 /* uexCall */,
				3CAFE34218C06C30002BF413 /* Frameworks */,
				3CAFE34118C06C30002BF413 /* Products */,
			);
			sourceTree = "<group>";
		};
		3CAFE34118C06C30002BF413 /* Products */ = {
			isa = PBXGroup;
			children = (
				3CAFE34018C06C30002BF413 /* uexCall.dylib */,
			);
			name = Products;
			sourceTree = "<group>";
		};
		3CAFE34218C06C30002BF413 /* Frameworks */ = {
			isa = PBXGroup;
			children = (
				3CAFE3B418C06E70002BF413 /* CoreGraphics.framework */,
				3CAFE3B218C06E62002BF413 /* SystemConfiguration.framework */,
				3CAFE3B018C06E4D002BF413 /* QuartzCore.framework */,
				3CAFE3AE18C06E3C002BF413 /* MobileCoreServices.framework */,
				3CAFE3AC18C06E25002BF413 /* CoreTelephony.framework */,
				3CAFE3AA18C06DF5002BF413 /* AudioToolbox.framework */,
				3CAFE3A818C06DD3002BF413 /* MapKit.framework */,
				3CAFE3A618C06DAD002BF413 /* libz.dylib */,
				3CAFE39E18C06D6E002BF413 /* UIKit.framework */,
				3CAFE39C18C06D69002BF413 /* libsqlite3.dylib */,
				3CAFE37218C06C7D002BF413 /* libAppCanEngine_IOS.a */,
				3CAFE34318C06C30002BF413 /* Foundation.framework */,
			);
			name = Frameworks;
			sourceTree = "<group>";
		};
		3CAFE34518C06C30002BF413 /* uexCall */ = {
			isa = PBXGroup;
			children = (
				3CAFE3B618C06EA7002BF413 /* engineHeader */,
				3CAFE3BA18C06EA7002BF413 /* EUExCall-Prefix.pch */,
				3CAFE3BB18C06EA7002BF413 /* EUExCall.h */,
				3CAFE3BC18C06EA7002BF413 /* EUExCall.m */,
				3CAFE3BD18C06EA7002BF413 /* sourceCode */,
			);
			path = uexCall;
			sourceTree = "<group>";
		};
		3CAFE3B618C06EA7002BF413 /* engineHeader */ = {
			isa = PBXGroup;
			children = (
				3CAFE3B718C06EA7002BF413 /* EUExBase.h */,
				3CAFE3B818C06EA7002BF413 /* EUExBaseDefine.h */,
				3CAFE3B918C06EA7002BF413 /* EUtility.h */,
			);
			name = engineHeader;
			path = EUExCall/engineHeader;
			sourceTree = SOURCE_ROOT;
		};
		3CAFE3BD18C06EA7002BF413 /* sourceCode */ = {
			isa = PBXGroup;
			children = (
			);
			name = sourceCode;
			path = EUExCall/sourceCode;
			sourceTree = SOURCE_ROOT;
		};
/* End PBXGroup section */

/* Begin PBXNativeTarget section */
		3CAFE33F18C06C30002BF413 /* uexCall */ = {
			isa = PBXNativeTarget;
			buildConfigurationList = 3CAFE36318C06C30002BF413 /* Build configuration list for PBXNativeTarget "uexCall" */;
			buildPhases = (
				3CAFE33C18C06C30002BF413 /* Sources */,
				3CAFE33D18C06C30002BF413 /* Frameworks */,
				3CAFE33E18C06C30002BF413 /* CopyFiles */,
			);
			buildRules = (
			);
			dependencies = (
			);
			name = uexCall;
			productName = uexCall;
			productReference = 3CAFE34018C06C30002BF413 /* uexCall.dylib */;
			productType = "com.apple.product-type.library.dynamic";
		};
/* End PBXNativeTarget section */

/* Begin PBXProject section */
		3CAFE33818C06C30002BF413 /* Project object */ = {
			isa = PBXProject;
			attributes = {
				LastUpgradeCheck = 0500;
				ORGANIZATIONNAME = demo;
			};
			buildConfigurationList = 3CAFE33B18C06C30002BF413 /* Build configuration list for PBXProject "uexCall" */;
			compatibilityVersion = "Xcode 3.2";
			developmentRegion = English;
			hasScannedForEncodings = 0;
			knownRegions = (
				en,
			);
			mainGroup = 3CAFE33718C06C30002BF413;
			productRefGroup = 3CAFE34118C06C30002BF413 /* Products */;
			projectDirPath = "";
			projectRoot = "";
			targets = (
				3CAFE33F18C06C30002BF413 /* uexCall */,
			);
		};
/* End PBXProject section */

/* Begin PBXSourcesBuildPhase section */
		3CAFE33C18C06C30002BF413 /* Sources */ = {
			isa = PBXSourcesBuildPhase;
			buildActionMask = 2147483647;
			files = (
				3CAFE3BE18C06EA7002BF413 /* EUExCall.m in Sources */,
			);
			runOnlyForDeploymentPostprocessing = 0;
		};
/* End PBXSourcesBuildPhase section */

/* Begin XCBuildConfiguration section */
		3CAFE36118C06C30002BF413 /* Debug */ = {
			isa = XCBuildConfiguration;
			buildSettings = {
				ALWAYS_SEARCH_USER_PATHS = NO;
				ARCHS = "$(ARCHS_STANDARD)";
				CLANG_CXX_LANGUAGE_STANDARD = "gnu++0x";
				CLANG_CXX_LIBRARY = "libc++";
				CLANG_ENABLE_MODULES = YES;
				CLANG_ENABLE_OBJC_ARC = YES;
				CLANG_WARN_BOOL_CONVERSION = YES;
				CLANG_WARN_CONSTANT_CONVERSION = YES;
				CLANG_WARN_DIRECT_OBJC_ISA_USAGE = YES_ERROR;
				CLANG_WARN_EMPTY_BODY = YES;
				CLANG_WARN_ENUM_CONVERSION = YES;
				CLANG_WARN_INT_CONVERSION = YES;
				CLANG_WARN_OBJC_ROOT_CLASS = YES_ERROR;
				CLANG_WARN__DUPLICATE_METHOD_MATCH = YES;
				CODE_SIGN_IDENTITY = "iPhone Distribution: Zhengyi Wireless(Beijing) Technology Co., Ltd.";
				COPY_PHASE_STRIP = NO;
				GCC_C_LANGUAGE_STANDARD = gnu99;
				GCC_DYNAMIC_NO_PIC = NO;
				GCC_OPTIMIZATION_LEVEL = 0;
				GCC_PREPROCESSOR_DEFINITIONS = (
					"DEBUG=1",
					"$(inherited)",
				);
				GCC_SYMBOLS_PRIVATE_EXTERN = NO;
				GCC_WARN_64_TO_32_BIT_CONVERSION = YES;
				GCC_WARN_ABOUT_RETURN_TYPE = YES_ERROR;
				GCC_WARN_UNDECLARED_SELECTOR = YES;
				GCC_WARN_UNINITIALIZED_AUTOS = YES;
				GCC_WARN_UNUSED_FUNCTION = YES;
				GCC_WARN_UNUSED_VARIABLE = YES;
				IPHONEOS_DEPLOYMENT_TARGET = 4.3;
				ONLY_ACTIVE_ARCH = NO;
				SDKROOT = iphoneos;
				VALID_ARCHS = "armv7 armv7s";
			};
			name = Debug;
		};
		3CAFE36218C06C30002BF413 /* Release */ = {
			isa = XCBuildConfiguration;
			buildSettings = {
				ALWAYS_SEARCH_USER_PATHS = NO;
				ARCHS = "$(ARCHS_STANDARD)";
				CLANG_CXX_LANGUAGE_STANDARD = "gnu++0x";
				CLANG_CXX_LIBRARY = "libc++";
				CLANG_ENABLE_MODULES = YES;
				CLANG_ENABLE_OBJC_ARC = YES;
				CLANG_WARN_BOOL_CONVERSION = YES;
				CLANG_WARN_CONSTANT_CONVERSION = YES;
				CLANG_WARN_DIRECT_OBJC_ISA_USAGE = YES_ERROR;
				CLANG_WARN_EMPTY_BODY = YES;
				CLANG_WARN_ENUM_CONVERSION = YES;
				CLANG_WARN_INT_CONVERSION = YES;
				CLANG_WARN_OBJC_ROOT_CLASS = YES_ERROR;
				CLANG_WARN__DUPLICATE_METHOD_MATCH = YES;
				CODE_SIGN_IDENTITY = "iPhone Distribution: Zhengyi Wireless(Beijing) Technology Co., Ltd.";
				COPY_PHASE_STRIP = YES;
				ENABLE_NS_ASSERTIONS = NO;
				GCC_C_LANGUAGE_STANDARD = gnu99;
				GCC_WARN_64_TO_32_BIT_CONVERSION = YES;
				GCC_WARN_ABOUT_RETURN_TYPE = YES_ERROR;
				GCC_WARN_UNDECLARED_SELECTOR = YES;
				GCC_WARN_UNINITIALIZED_AUTOS = YES;
				GCC_WARN_UNUSED_FUNCTION = YES;
				GCC_WARN_UNUSED_VARIABLE = YES;
				IPHONEOS_DEPLOYMENT_TARGET = 4.3;
				SDKROOT = iphoneos;
				VALIDATE_PRODUCT = YES;
				VALID_ARCHS = "armv7 armv7s";
			};
			name = Release;
		};
		3CAFE36418C06C30002BF413 /* Debug */ = {
			isa = XCBuildConfiguration;
			buildSettings = {
				CODE_SIGN_IDENTITY = "iPhone Developer: Wang GuoChun (GJL3LN9D59)";
				CONFIGURATION_BUILD_DIR = "$(SRCROOT)/uexCall/";
				DEBUG_INFORMATION_FORMAT = dwarf;
				DSTROOT = /tmp/uexCall.dst;
				GCC_PRECOMPILE_PREFIX_HEADER = YES;
				GCC_PREFIX_HEADER = "EUExCall/EUExCall-Prefix.pch";
				LIBRARY_SEARCH_PATHS = (
					"$(inherited)",
					"$(SRCROOT)/../",
				);
				ONLY_ACTIVE_ARCH = NO;
				OTHER_LDFLAGS = "-ObjC";
				PRODUCT_NAME = "$(TARGET_NAME)";
				SKIP_INSTALL = YES;
			};
			name = Debug;
		};
		3CAFE36518C06C30002BF413 /* Release */ = {
			isa = XCBuildConfiguration;
			buildSettings = {
				CODE_SIGN_IDENTITY = "iPhone Developer: Wang GuoChun (GJL3LN9D59)";
				CONFIGURATION_BUILD_DIR = "$(SRCROOT)/uexCall/";
				DEBUG_INFORMATION_FORMAT = dwarf;
				DSTROOT = /tmp/uexCall.dst;
				GCC_PRECOMPILE_PREFIX_HEADER = YES;
				GCC_PREFIX_HEADER = "EUExCall/EUExCall-Prefix.pch";
				LIBRARY_SEARCH_PATHS = (
					"$(inherited)",
					"$(SRCROOT)/../",
				);
				OTHER_LDFLAGS = "-ObjC";
				PRODUCT_NAME = "$(TARGET_NAME)";
				SKIP_INSTALL = YES;
			};
			name = Release;
		};
/* End XCBuildConfiguration section */

/* Begin XCConfigurationList section */
		3CAFE33B18C06C30002BF413 /* Build configuration list for PBXProject "uexCall" */ = {
			isa = XCConfigurationList;
			buildConfigurations = (
				3CAFE36118C06C30002BF413 /* Debug */,
				3CAFE36218C06C30002BF413 /* Release */,
			);
			defaultConfigurationIsVisible = 0;
			defaultConfigurationName = Release;
		};
		3CAFE36318C06C30002BF413 /* Build configuration list for PBXNativeTarget "uexCall" */ = {
			isa = XCConfigurationList;
			buildConfigurations = (
				3CAFE36418C06C30002BF413 /* Debug */,
				3CAFE36518C06C30002BF413 /* Release */,
			);
			defaultConfigurationIsVisible = 0;
			defaultConfigurationName = Release;
		};
/* End XCConfigurationList section */
	};
	rootObject = 3CAFE33818C06C30002BF413 /* Project object */;
}
